// !$*UTF8*$!
{
	archiveVersion = 1;
	classes = {
	};
	objectVersion = 46;
	objects = {

/* Begin PBXBuildFile section */
		09FDC72A791F43B7009B0E65 /* Pods_NeosUITests.framework in Frameworks */ = {isa = PBXBuildFile; fileRef = C28DA6694AC0106328B359E9 /* Pods_NeosUITests.framework */; };
		0A9046161C4C373A003FC2BC /* AsteroidDownloaderSpec.swift in Sources */ = {isa = PBXBuildFile; fileRef = 0A9046151C4C373A003FC2BC /* AsteroidDownloaderSpec.swift */; };
		0A9046181C4C3A0C003FC2BC /* AsteroidDownloader.swift in Sources */ = {isa = PBXBuildFile; fileRef = 0A9046171C4C3A0C003FC2BC /* AsteroidDownloader.swift */; };
		0A90461A1C4C432C003FC2BC /* NasaApiKey.swift in Sources */ = {isa = PBXBuildFile; fileRef = 0A9046191C4C432C003FC2BC /* NasaApiKey.swift */; };
		0A90461C1C4C4CFB003FC2BC /* Asteroid.swift in Sources */ = {isa = PBXBuildFile; fileRef = 0A90461B1C4C4CFB003FC2BC /* Asteroid.swift */; };
		0A90461F1C4C4D13003FC2BC /* AsteroidSpec.swift in Sources */ = {isa = PBXBuildFile; fileRef = 0A90461E1C4C4D13003FC2BC /* AsteroidSpec.swift */; };
		0A9046221C4C516C003FC2BC /* testfeed.json in Resources */ = {isa = PBXBuildFile; fileRef = 0A9046211C4C516C003FC2BC /* testfeed.json */; };
		0A9046241C4C7B05003FC2BC /* CloseApproachSpec.swift in Sources */ = {isa = PBXBuildFile; fileRef = 0A9046231C4C7B05003FC2BC /* CloseApproachSpec.swift */; };
		0A9046261C4C7B18003FC2BC /* CloseApproach.swift in Sources */ = {isa = PBXBuildFile; fileRef = 0A9046251C4C7B18003FC2BC /* CloseApproach.swift */; };
		0A9046281C4C968C003FC2BC /* jsonParser.swift in Sources */ = {isa = PBXBuildFile; fileRef = 0A9046271C4C968C003FC2BC /* jsonParser.swift */; };
		0AC728FE1C46F4B000CCBD3C /* AppDelegate.swift in Sources */ = {isa = PBXBuildFile; fileRef = 0AC728FD1C46F4B000CCBD3C /* AppDelegate.swift */; };
		0AC729001C46F4B000CCBD3C /* ViewController.swift in Sources */ = {isa = PBXBuildFile; fileRef = 0AC728FF1C46F4B000CCBD3C /* ViewController.swift */; };
		0AC729031C46F4B000CCBD3C /* Main.storyboard in Resources */ = {isa = PBXBuildFile; fileRef = 0AC729011C46F4B000CCBD3C /* Main.storyboard */; };
		0AC729051C46F4B100CCBD3C /* Assets.xcassets in Resources */ = {isa = PBXBuildFile; fileRef = 0AC729041C46F4B100CCBD3C /* Assets.xcassets */; };
		0AC729081C46F4B100CCBD3C /* LaunchScreen.storyboard in Resources */ = {isa = PBXBuildFile; fileRef = 0AC729061C46F4B100CCBD3C /* LaunchScreen.storyboard */; };
		0AC7291E1C46F4B600CCBD3C /* NeosUITests.swift in Sources */ = {isa = PBXBuildFile; fileRef = 0AC7291D1C46F4B600CCBD3C /* NeosUITests.swift */; };
		7578C0F0FB23DD8EB0CBB153 /* Pods_Neos.framework in Frameworks */ = {isa = PBXBuildFile; fileRef = DFA1F9AA95178E4067FF0495 /* Pods_Neos.framework */; };
		8E11A3D5BC82DB1999EA3644 /* Pods_NeosTests.framework in Frameworks */ = {isa = PBXBuildFile; fileRef = 4DD88B9CE10DC48E8F0E3444 /* Pods_NeosTests.framework */; };
/* End PBXBuildFile section */

/* Begin PBXContainerItemProxy section */
		0AC7290F1C46F4B300CCBD3C /* PBXContainerItemProxy */ = {
			isa = PBXContainerItemProxy;
			containerPortal = 0AC728F21C46F4AE00CCBD3C /* Project object */;
			proxyType = 1;
			remoteGlobalIDString = 0AC728F91C46F4AE00CCBD3C;
			remoteInfo = Neos;
		};
		0AC7291A1C46F4B500CCBD3C /* PBXContainerItemProxy */ = {
			isa = PBXContainerItemProxy;
			containerPortal = 0AC728F21C46F4AE00CCBD3C /* Project object */;
			proxyType = 1;
			remoteGlobalIDString = 0AC728F91C46F4AE00CCBD3C;
			remoteInfo = Neos;
		};
/* End PBXContainerItemProxy section */

/* Begin PBXFileReference section */
		02520FCC4545ECA7DA0086D1 /* Pods-NeosUITests.debug.xcconfig */ = {isa = PBXFileReference; includeInIndex = 1; lastKnownFileType = text.xcconfig; name = "Pods-NeosUITests.debug.xcconfig"; path = "Pods/Target Support Files/Pods-NeosUITests/Pods-NeosUITests.debug.xcconfig"; sourceTree = "<group>"; };
		0A9046151C4C373A003FC2BC /* AsteroidDownloaderSpec.swift */ = {isa = PBXFileReference; fileEncoding = 4; lastKnownFileType = sourcecode.swift; path = AsteroidDownloaderSpec.swift; sourceTree = "<group>"; };
		0A9046171C4C3A0C003FC2BC /* AsteroidDownloader.swift */ = {isa = PBXFileReference; fileEncoding = 4; lastKnownFileType = sourcecode.swift; path = AsteroidDownloader.swift; sourceTree = "<group>"; };
		0A9046191C4C432C003FC2BC /* NasaApiKey.swift */ = {isa = PBXFileReference; fileEncoding = 4; lastKnownFileType = sourcecode.swift; path = NasaApiKey.swift; sourceTree = "<group>"; };
		0A90461B1C4C4CFB003FC2BC /* Asteroid.swift */ = {isa = PBXFileReference; fileEncoding = 4; lastKnownFileType = sourcecode.swift; path = Asteroid.swift; sourceTree = "<group>"; };
		0A90461E1C4C4D13003FC2BC /* AsteroidSpec.swift */ = {isa = PBXFileReference; fileEncoding = 4; lastKnownFileType = sourcecode.swift; path = AsteroidSpec.swift; sourceTree = "<group>"; };
		0A9046211C4C516C003FC2BC /* testfeed.json */ = {isa = PBXFileReference; fileEncoding = 4; lastKnownFileType = text.json; path = testfeed.json; sourceTree = "<group>"; };
		0A9046231C4C7B05003FC2BC /* CloseApproachSpec.swift */ = {isa = PBXFileReference; fileEncoding = 4; lastKnownFileType = sourcecode.swift; path = CloseApproachSpec.swift; sourceTree = "<group>"; };
		0A9046251C4C7B18003FC2BC /* CloseApproach.swift */ = {isa = PBXFileReference; fileEncoding = 4; lastKnownFileType = sourcecode.swift; path = CloseApproach.swift; sourceTree = "<group>"; };
		0A9046271C4C968C003FC2BC /* jsonParser.swift */ = {isa = PBXFileReference; fileEncoding = 4; lastKnownFileType = sourcecode.swift; path = jsonParser.swift; sourceTree = "<group>"; };
		0AC728FA1C46F4AE00CCBD3C /* Neos.app */ = {isa = PBXFileReference; explicitFileType = wrapper.application; includeInIndex = 0; path = Neos.app; sourceTree = BUILT_PRODUCTS_DIR; };
		0AC728FD1C46F4B000CCBD3C /* AppDelegate.swift */ = {isa = PBXFileReference; lastKnownFileType = sourcecode.swift; path = AppDelegate.swift; sourceTree = "<group>"; };
		0AC728FF1C46F4B000CCBD3C /* ViewController.swift */ = {isa = PBXFileReference; lastKnownFileType = sourcecode.swift; path = ViewController.swift; sourceTree = "<group>"; };
		0AC729021C46F4B000CCBD3C /* Base */ = {isa = PBXFileReference; lastKnownFileType = file.storyboard; name = Base; path = Base.lproj/Main.storyboard; sourceTree = "<group>"; };
		0AC729041C46F4B100CCBD3C /* Assets.xcassets */ = {isa = PBXFileReference; lastKnownFileType = folder.assetcatalog; path = Assets.xcassets; sourceTree = "<group>"; };
		0AC729071C46F4B100CCBD3C /* Base */ = {isa = PBXFileReference; lastKnownFileType = file.storyboard; name = Base; path = Base.lproj/LaunchScreen.storyboard; sourceTree = "<group>"; };
		0AC729091C46F4B200CCBD3C /* Info.plist */ = {isa = PBXFileReference; lastKnownFileType = text.plist.xml; path = Info.plist; sourceTree = "<group>"; };
		0AC7290E1C46F4B300CCBD3C /* NeosTests.xctest */ = {isa = PBXFileReference; explicitFileType = wrapper.cfbundle; includeInIndex = 0; path = NeosTests.xctest; sourceTree = BUILT_PRODUCTS_DIR; };
		0AC729141C46F4B400CCBD3C /* Info.plist */ = {isa = PBXFileReference; lastKnownFileType = text.plist.xml; path = Info.plist; sourceTree = "<group>"; };
		0AC729191C46F4B500CCBD3C /* NeosUITests.xctest */ = {isa = PBXFileReference; explicitFileType = wrapper.cfbundle; includeInIndex = 0; path = NeosUITests.xctest; sourceTree = BUILT_PRODUCTS_DIR; };
		0AC7291D1C46F4B600CCBD3C /* NeosUITests.swift */ = {isa = PBXFileReference; lastKnownFileType = sourcecode.swift; path = NeosUITests.swift; sourceTree = "<group>"; };
		0AC7291F1C46F4B600CCBD3C /* Info.plist */ = {isa = PBXFileReference; lastKnownFileType = text.plist.xml; path = Info.plist; sourceTree = "<group>"; };
		18DE34CD2F7DF25BA56EBC67 /* Pods-NeosUITests.release.xcconfig */ = {isa = PBXFileReference; includeInIndex = 1; lastKnownFileType = text.xcconfig; name = "Pods-NeosUITests.release.xcconfig"; path = "Pods/Target Support Files/Pods-NeosUITests/Pods-NeosUITests.release.xcconfig"; sourceTree = "<group>"; };
		4DD88B9CE10DC48E8F0E3444 /* Pods_NeosTests.framework */ = {isa = PBXFileReference; explicitFileType = wrapper.framework; includeInIndex = 0; path = Pods_NeosTests.framework; sourceTree = BUILT_PRODUCTS_DIR; };
		79F42A5DC0BC3EE5253D0271 /* Pods-NeosTests.release.xcconfig */ = {isa = PBXFileReference; includeInIndex = 1; lastKnownFileType = text.xcconfig; name = "Pods-NeosTests.release.xcconfig"; path = "Pods/Target Support Files/Pods-NeosTests/Pods-NeosTests.release.xcconfig"; sourceTree = "<group>"; };
		C0150CBB6366DFC158008E86 /* Pods-Neos.debug.xcconfig */ = {isa = PBXFileReference; includeInIndex = 1; lastKnownFileType = text.xcconfig; name = "Pods-Neos.debug.xcconfig"; path = "Pods/Target Support Files/Pods-Neos/Pods-Neos.debug.xcconfig"; sourceTree = "<group>"; };
		C28DA6694AC0106328B359E9 /* Pods_NeosUITests.framework */ = {isa = PBXFileReference; explicitFileType = wrapper.framework; includeInIndex = 0; path = Pods_NeosUITests.framework; sourceTree = BUILT_PRODUCTS_DIR; };
		DFA1F9AA95178E4067FF0495 /* Pods_Neos.framework */ = {isa = PBXFileReference; explicitFileType = wrapper.framework; includeInIndex = 0; path = Pods_Neos.framework; sourceTree = BUILT_PRODUCTS_DIR; };
		E4F992FCF650388B88472EC2 /* Pods-Neos.release.xcconfig */ = {isa = PBXFileReference; includeInIndex = 1; lastKnownFileType = text.xcconfig; name = "Pods-Neos.release.xcconfig"; path = "Pods/Target Support Files/Pods-Neos/Pods-Neos.release.xcconfig"; sourceTree = "<group>"; };
		EE33E2D1CC2CB261AAD58CAE /* Pods-NeosTests.debug.xcconfig */ = {isa = PBXFileReference; includeInIndex = 1; lastKnownFileType = text.xcconfig; name = "Pods-NeosTests.debug.xcconfig"; path = "Pods/Target Support Files/Pods-NeosTests/Pods-NeosTests.debug.xcconfig"; sourceTree = "<group>"; };
/* End PBXFileReference section */

/* Begin PBXFrameworksBuildPhase section */
		0AC728F71C46F4AE00CCBD3C /* Frameworks */ = {
			isa = PBXFrameworksBuildPhase;
			buildActionMask = 2147483647;
			files = (
				7578C0F0FB23DD8EB0CBB153 /* Pods_Neos.framework in Frameworks */,
			);
			runOnlyForDeploymentPostprocessing = 0;
		};
		0AC7290B1C46F4B300CCBD3C /* Frameworks */ = {
			isa = PBXFrameworksBuildPhase;
			buildActionMask = 2147483647;
			files = (
				8E11A3D5BC82DB1999EA3644 /* Pods_NeosTests.framework in Frameworks */,
			);
			runOnlyForDeploymentPostprocessing = 0;
		};
		0AC729161C46F4B400CCBD3C /* Frameworks */ = {
			isa = PBXFrameworksBuildPhase;
			buildActionMask = 2147483647;
			files = (
				09FDC72A791F43B7009B0E65 /* Pods_NeosUITests.framework in Frameworks */,
			);
			runOnlyForDeploymentPostprocessing = 0;
		};
/* End PBXFrameworksBuildPhase section */

/* Begin PBXGroup section */
		0A90460D1C4C360B003FC2BC /* Controllers */ = {
			isa = PBXGroup;
			children = (
				0AC728FF1C46F4B000CCBD3C /* ViewController.swift */,
			);
			name = Controllers;
			sourceTree = "<group>";
		};
		0A90460E1C4C361E003FC2BC /* Helper Classes */ = {
			isa = PBXGroup;
			children = (
				0A9046171C4C3A0C003FC2BC /* AsteroidDownloader.swift */,
				0A9046271C4C968C003FC2BC /* jsonParser.swift */,
			);
			name = "Helper Classes";
			sourceTree = "<group>";
		};
		0A90460F1C4C362D003FC2BC /* ViewModels */ = {
			isa = PBXGroup;
			children = (
			);
			name = ViewModels;
			sourceTree = "<group>";
		};
		0A9046101C4C3634003FC2BC /* Models */ = {
			isa = PBXGroup;
			children = (
				0A90461B1C4C4CFB003FC2BC /* Asteroid.swift */,
				0A9046251C4C7B18003FC2BC /* CloseApproach.swift */,
			);
			name = Models;
			sourceTree = "<group>";
		};
		0A9046111C4C363A003FC2BC /* Assets */ = {
			isa = PBXGroup;
			children = (
				0AC729041C46F4B100CCBD3C /* Assets.xcassets */,
			);
			name = Assets;
			sourceTree = "<group>";
		};
		0A9046121C4C3643003FC2BC /* System */ = {
			isa = PBXGroup;
			children = (
				0AC728FD1C46F4B000CCBD3C /* AppDelegate.swift */,
				0AC729091C46F4B200CCBD3C /* Info.plist */,
				0A9046191C4C432C003FC2BC /* NasaApiKey.swift */,
			);
			name = System;
			sourceTree = "<group>";
		};
		0A9046131C4C366D003FC2BC /* Storyboards */ = {
			isa = PBXGroup;
			children = (
				0AC729011C46F4B000CCBD3C /* Main.storyboard */,
				0AC729061C46F4B100CCBD3C /* LaunchScreen.storyboard */,
			);
			name = Storyboards;
			sourceTree = "<group>";
		};
		0A9046141C4C367C003FC2BC /* Helper Classes */ = {
			isa = PBXGroup;
			children = (
				0A9046151C4C373A003FC2BC /* AsteroidDownloaderSpec.swift */,
			);
			name = "Helper Classes";
			sourceTree = "<group>";
		};
		0A90461D1C4C4D07003FC2BC /* Models */ = {
			isa = PBXGroup;
			children = (
				0A90461E1C4C4D13003FC2BC /* AsteroidSpec.swift */,
				0A9046231C4C7B05003FC2BC /* CloseApproachSpec.swift */,
			);
			name = Models;
			sourceTree = "<group>";
		};
		0A9046201C4C50E2003FC2BC /* System */ = {
			isa = PBXGroup;
			children = (
				0A9046211C4C516C003FC2BC /* testfeed.json */,
				0AC729141C46F4B400CCBD3C /* Info.plist */,
			);
			name = System;
			sourceTree = "<group>";
		};
		0AC728F11C46F4AE00CCBD3C = {
			isa = PBXGroup;
			children = (
				0AC728FC1C46F4AF00CCBD3C /* Neos */,
				0AC729111C46F4B300CCBD3C /* NeosTests */,
				0AC7291C1C46F4B500CCBD3C /* NeosUITests */,
				0AC728FB1C46F4AE00CCBD3C /* Products */,
				5E997280D4B8078FF8F40589 /* Pods */,
				3CC3BA9654495F67EFA6E89C /* Frameworks */,
			);
			sourceTree = "<group>";
		};
		0AC728FB1C46F4AE00CCBD3C /* Products */ = {
			isa = PBXGroup;
			children = (
				0AC728FA1C46F4AE00CCBD3C /* Neos.app */,
				0AC7290E1C46F4B300CCBD3C /* NeosTests.xctest */,
				0AC729191C46F4B500CCBD3C /* NeosUITests.xctest */,
			);
			name = Products;
			sourceTree = "<group>";
		};
		0AC728FC1C46F4AF00CCBD3C /* Neos */ = {
			isa = PBXGroup;
			children = (
				0A9046131C4C366D003FC2BC /* Storyboards */,
				0A9046121C4C3643003FC2BC /* System */,
				0A9046111C4C363A003FC2BC /* Assets */,
				0A9046101C4C3634003FC2BC /* Models */,
				0A90460F1C4C362D003FC2BC /* ViewModels */,
				0A90460E1C4C361E003FC2BC /* Helper Classes */,
				0A90460D1C4C360B003FC2BC /* Controllers */,
			);
			path = Neos;
			sourceTree = "<group>";
		};
		0AC729111C46F4B300CCBD3C /* NeosTests */ = {
			isa = PBXGroup;
			children = (
				0A9046201C4C50E2003FC2BC /* System */,
				0A90461D1C4C4D07003FC2BC /* Models */,
				0A9046141C4C367C003FC2BC /* Helper Classes */,
			);
			path = NeosTests;
			sourceTree = "<group>";
		};
		0AC7291C1C46F4B500CCBD3C /* NeosUITests */ = {
			isa = PBXGroup;
			children = (
				0AC7291D1C46F4B600CCBD3C /* NeosUITests.swift */,
				0AC7291F1C46F4B600CCBD3C /* Info.plist */,
			);
			path = NeosUITests;
			sourceTree = "<group>";
		};
		3CC3BA9654495F67EFA6E89C /* Frameworks */ = {
			isa = PBXGroup;
			children = (
				4DD88B9CE10DC48E8F0E3444 /* Pods_NeosTests.framework */,
				C28DA6694AC0106328B359E9 /* Pods_NeosUITests.framework */,
				DFA1F9AA95178E4067FF0495 /* Pods_Neos.framework */,
			);
			name = Frameworks;
			sourceTree = "<group>";
		};
		5E997280D4B8078FF8F40589 /* Pods */ = {
			isa = PBXGroup;
			children = (
				EE33E2D1CC2CB261AAD58CAE /* Pods-NeosTests.debug.xcconfig */,
				79F42A5DC0BC3EE5253D0271 /* Pods-NeosTests.release.xcconfig */,
				02520FCC4545ECA7DA0086D1 /* Pods-NeosUITests.debug.xcconfig */,
				18DE34CD2F7DF25BA56EBC67 /* Pods-NeosUITests.release.xcconfig */,
				C0150CBB6366DFC158008E86 /* Pods-Neos.debug.xcconfig */,
				E4F992FCF650388B88472EC2 /* Pods-Neos.release.xcconfig */,
			);
			name = Pods;
			sourceTree = "<group>";
		};
/* End PBXGroup section */

/* Begin PBXNativeTarget section */
		0AC728F91C46F4AE00CCBD3C /* Neos */ = {
			isa = PBXNativeTarget;
			buildConfigurationList = 0AC729221C46F4B600CCBD3C /* Build configuration list for PBXNativeTarget "Neos" */;
			buildPhases = (
				B10FD5B62CCE12AD5EF30507 /* Check Pods Manifest.lock */,
				0AC728F61C46F4AE00CCBD3C /* Sources */,
				0AC728F71C46F4AE00CCBD3C /* Frameworks */,
				0AC728F81C46F4AE00CCBD3C /* Resources */,
				C9A18DE149D6D5D694AA47DF /* Embed Pods Frameworks */,
				AE4386E9560B12D884775902 /* Copy Pods Resources */,
			);
			buildRules = (
			);
			dependencies = (
			);
			name = Neos;
			productName = Neos;
			productReference = 0AC728FA1C46F4AE00CCBD3C /* Neos.app */;
			productType = "com.apple.product-type.application";
		};
		0AC7290D1C46F4B300CCBD3C /* NeosTests */ = {
			isa = PBXNativeTarget;
			buildConfigurationList = 0AC729251C46F4B600CCBD3C /* Build configuration list for PBXNativeTarget "NeosTests" */;
			buildPhases = (
				5E4F858931CE1FB436ADAB0A /* Check Pods Manifest.lock */,
				0AC7290A1C46F4B300CCBD3C /* Sources */,
				0AC7290B1C46F4B300CCBD3C /* Frameworks */,
				0AC7290C1C46F4B300CCBD3C /* Resources */,
				5CB2B7D9B51A225664A6B3EE /* Embed Pods Frameworks */,
				F8C00A5C0F56ED1004DBCC23 /* Copy Pods Resources */,
			);
			buildRules = (
			);
			dependencies = (
				0AC729101C46F4B300CCBD3C /* PBXTargetDependency */,
			);
			name = NeosTests;
			productName = NeosTests;
			productReference = 0AC7290E1C46F4B300CCBD3C /* NeosTests.xctest */;
			productType = "com.apple.product-type.bundle.unit-test";
		};
		0AC729181C46F4B400CCBD3C /* NeosUITests */ = {
			isa = PBXNativeTarget;
			buildConfigurationList = 0AC729281C46F4B600CCBD3C /* Build configuration list for PBXNativeTarget "NeosUITests" */;
			buildPhases = (
				5433D12C29D7607AF92E385B /* Check Pods Manifest.lock */,
				0AC729151C46F4B400CCBD3C /* Sources */,
				0AC729161C46F4B400CCBD3C /* Frameworks */,
				0AC729171C46F4B400CCBD3C /* Resources */,
				06BC82D96FCF829EA4EC5099 /* Copy Pods Resources */,
			);
			buildRules = (
			);
			dependencies = (
				0AC7291B1C46F4B500CCBD3C /* PBXTargetDependency */,
			);
			name = NeosUITests;
			productName = NeosUITests;
			productReference = 0AC729191C46F4B500CCBD3C /* NeosUITests.xctest */;
			productType = "com.apple.product-type.bundle.ui-testing";
		};
/* End PBXNativeTarget section */

/* Begin PBXProject section */
		0AC728F21C46F4AE00CCBD3C /* Project object */ = {
			isa = PBXProject;
			attributes = {
				LastSwiftUpdateCheck = 0720;
				LastUpgradeCheck = 0720;
				ORGANIZATIONNAME = "Kevin McGladdery";
				TargetAttributes = {
					0AC728F91C46F4AE00CCBD3C = {
						CreatedOnToolsVersion = 7.2;
					};
					0AC7290D1C46F4B300CCBD3C = {
						CreatedOnToolsVersion = 7.2;
						TestTargetID = 0AC728F91C46F4AE00CCBD3C;
					};
					0AC729181C46F4B400CCBD3C = {
						CreatedOnToolsVersion = 7.2;
						TestTargetID = 0AC728F91C46F4AE00CCBD3C;
					};
				};
			};
			buildConfigurationList = 0AC728F51C46F4AE00CCBD3C /* Build configuration list for PBXProject "Neos" */;
			compatibilityVersion = "Xcode 3.2";
			developmentRegion = English;
			hasScannedForEncodings = 0;
			knownRegions = (
				en,
				Base,
			);
			mainGroup = 0AC728F11C46F4AE00CCBD3C;
			productRefGroup = 0AC728FB1C46F4AE00CCBD3C /* Products */;
			projectDirPath = "";
			projectRoot = "";
			targets = (
				0AC728F91C46F4AE00CCBD3C /* Neos */,
				0AC7290D1C46F4B300CCBD3C /* NeosTests */,
				0AC729181C46F4B400CCBD3C /* NeosUITests */,
			);
		};
/* End PBXProject section */

/* Begin PBXResourcesBuildPhase section */
		0AC728F81C46F4AE00CCBD3C /* Resources */ = {
			isa = PBXResourcesBuildPhase;
			buildActionMask = 2147483647;
			files = (
				0AC729081C46F4B100CCBD3C /* LaunchScreen.storyboard in Resources */,
				0AC729051C46F4B100CCBD3C /* Assets.xcassets in Resources */,
				0AC729031C46F4B000CCBD3C /* Main.storyboard in Resources */,
			);
			runOnlyForDeploymentPostprocessing = 0;
		};
		0AC7290C1C46F4B300CCBD3C /* Resources */ = {
			isa = PBXResourcesBuildPhase;
			buildActionMask = 2147483647;
			files = (
				0A9046221C4C516C003FC2BC /* testfeed.json in Resources */,
			);
			runOnlyForDeploymentPostprocessing = 0;
		};
		0AC729171C46F4B400CCBD3C /* Resources */ = {
			isa = PBXResourcesBuildPhase;
			buildActionMask = 2147483647;
			files = (
			);
			runOnlyForDeploymentPostprocessing = 0;
		};
/* End PBXResourcesBuildPhase section */

/* Begin PBXShellScriptBuildPhase section */
		06BC82D96FCF829EA4EC5099 /* Copy Pods Resources */ = {
			isa = PBXShellScriptBuildPhase;
			buildActionMask = 2147483647;
			files = (
			);
			inputPaths = (
			);
			name = "Copy Pods Resources";
			outputPaths = (
			);
			runOnlyForDeploymentPostprocessing = 0;
			shellPath = /bin/sh;
			shellScript = "\"${SRCROOT}/Pods/Target Support Files/Pods-NeosUITests/Pods-NeosUITests-resources.sh\"\n";
			showEnvVarsInLog = 0;
		};
		5433D12C29D7607AF92E385B /* Check Pods Manifest.lock */ = {
			isa = PBXShellScriptBuildPhase;
			buildActionMask = 2147483647;
			files = (
			);
			inputPaths = (
			);
			name = "Check Pods Manifest.lock";
			outputPaths = (
			);
			runOnlyForDeploymentPostprocessing = 0;
			shellPath = /bin/sh;
			shellScript = "diff \"${PODS_ROOT}/../Podfile.lock\" \"${PODS_ROOT}/Manifest.lock\" > /dev/null\nif [[ $? != 0 ]] ; then\n    cat << EOM\nerror: The sandbox is not in sync with the Podfile.lock. Run 'pod install' or update your CocoaPods installation.\nEOM\n    exit 1\nfi\n";
			showEnvVarsInLog = 0;
		};
		5CB2B7D9B51A225664A6B3EE /* Embed Pods Frameworks */ = {
			isa = PBXShellScriptBuildPhase;
			buildActionMask = 2147483647;
			files = (
			);
			inputPaths = (
			);
			name = "Embed Pods Frameworks";
			outputPaths = (
			);
			runOnlyForDeploymentPostprocessing = 0;
			shellPath = /bin/sh;
			shellScript = "\"${SRCROOT}/Pods/Target Support Files/Pods-NeosTests/Pods-NeosTests-frameworks.sh\"\n";
			showEnvVarsInLog = 0;
		};
		5E4F858931CE1FB436ADAB0A /* Check Pods Manifest.lock */ = {
			isa = PBXShellScriptBuildPhase;
			buildActionMask = 2147483647;
			files = (
			);
			inputPaths = (
			);
			name = "Check Pods Manifest.lock";
			outputPaths = (
			);
			runOnlyForDeploymentPostprocessing = 0;
			shellPath = /bin/sh;
			shellScript = "diff \"${PODS_ROOT}/../Podfile.lock\" \"${PODS_ROOT}/Manifest.lock\" > /dev/null\nif [[ $? != 0 ]] ; then\n    cat << EOM\nerror: The sandbox is not in sync with the Podfile.lock. Run 'pod install' or update your CocoaPods installation.\nEOM\n    exit 1\nfi\n";
			showEnvVarsInLog = 0;
		};
		AE4386E9560B12D884775902 /* Copy Pods Resources */ = {
			isa = PBXShellScriptBuildPhase;
			buildActionMask = 2147483647;
			files = (
			);
			inputPaths = (
			);
			name = "Copy Pods Resources";
			outputPaths = (
			);
			runOnlyForDeploymentPostprocessing = 0;
			shellPath = /bin/sh;
			shellScript = "\"${SRCROOT}/Pods/Target Support Files/Pods-Neos/Pods-Neos-resources.sh\"\n";
			showEnvVarsInLog = 0;
		};
		B10FD5B62CCE12AD5EF30507 /* Check Pods Manifest.lock */ = {
			isa = PBXShellScriptBuildPhase;
			buildActionMask = 2147483647;
			files = (
			);
			inputPaths = (
			);
			name = "Check Pods Manifest.lock";
			outputPaths = (
			);
			runOnlyForDeploymentPostprocessing = 0;
			shellPath = /bin/sh;
			shellScript = "diff \"${PODS_ROOT}/../Podfile.lock\" \"${PODS_ROOT}/Manifest.lock\" > /dev/null\nif [[ $? != 0 ]] ; then\n    cat << EOM\nerror: The sandbox is not in sync with the Podfile.lock. Run 'pod install' or update your CocoaPods installation.\nEOM\n    exit 1\nfi\n";
			showEnvVarsInLog = 0;
		};
		C9A18DE149D6D5D694AA47DF /* Embed Pods Frameworks */ = {
			isa = PBXShellScriptBuildPhase;
			buildActionMask = 2147483647;
			files = (
			);
			inputPaths = (
			);
			name = "Embed Pods Frameworks";
			outputPaths = (
			);
			runOnlyForDeploymentPostprocessing = 0;
			shellPath = /bin/sh;
			shellScript = "\"${SRCROOT}/Pods/Target Support Files/Pods-Neos/Pods-Neos-frameworks.sh\"\n";
			showEnvVarsInLog = 0;
		};
		F8C00A5C0F56ED1004DBCC23 /* Copy Pods Resources */ = {
			isa = PBXShellScriptBuildPhase;
			buildActionMask = 2147483647;
			files = (
			);
			inputPaths = (
			);
			name = "Copy Pods Resources";
			outputPaths = (
			);
			runOnlyForDeploymentPostprocessing = 0;
			shellPath = /bin/sh;
			shellScript = "\"${SRCROOT}/Pods/Target Support Files/Pods-NeosTests/Pods-NeosTests-resources.sh\"\n";
			showEnvVarsInLog = 0;
		};
/* End PBXShellScriptBuildPhase section */

/* Begin PBXSourcesBuildPhase section */
		0AC728F61C46F4AE00CCBD3C /* Sources */ = {
			isa = PBXSourcesBuildPhase;
			buildActionMask = 2147483647;
			files = (
				0A9046181C4C3A0C003FC2BC /* AsteroidDownloader.swift in Sources */,
				0A90461A1C4C432C003FC2BC /* NasaApiKey.swift in Sources */,
				0A9046281C4C968C003FC2BC /* jsonParser.swift in Sources */,
				0A9046261C4C7B18003FC2BC /* CloseApproach.swift in Sources */,
				0AC729001C46F4B000CCBD3C /* ViewController.swift in Sources */,
				0AC728FE1C46F4B000CCBD3C /* AppDelegate.swift in Sources */,
				0A90461C1C4C4CFB003FC2BC /* Asteroid.swift in Sources */,
			);
			runOnlyForDeploymentPostprocessing = 0;
		};
		0AC7290A1C46F4B300CCBD3C /* Sources */ = {
			isa = PBXSourcesBuildPhase;
			buildActionMask = 2147483647;
			files = (
				0A9046241C4C7B05003FC2BC /* CloseApproachSpec.swift in Sources */,
				0A9046161C4C373A003FC2BC /* AsteroidDownloaderSpec.swift in Sources */,
				0A90461F1C4C4D13003FC2BC /* AsteroidSpec.swift in Sources */,
			);
			runOnlyForDeploymentPostprocessing = 0;
		};
		0AC729151C46F4B400CCBD3C /* Sources */ = {
			isa = PBXSourcesBuildPhase;
			buildActionMask = 2147483647;
			files = (
				0AC7291E1C46F4B600CCBD3C /* NeosUITests.swift in Sources */,
			);
			runOnlyForDeploymentPostprocessing = 0;
		};
/* End PBXSourcesBuildPhase section */

/* Begin PBXTargetDependency section */
		0AC729101C46F4B300CCBD3C /* PBXTargetDependency */ = {
			isa = PBXTargetDependency;
			target = 0AC728F91C46F4AE00CCBD3C /* Neos */;
			targetProxy = 0AC7290F1C46F4B300CCBD3C /* PBXContainerItemProxy */;
		};
		0AC7291B1C46F4B500CCBD3C /* PBXTargetDependency */ = {
			isa = PBXTargetDependency;
			target = 0AC728F91C46F4AE00CCBD3C /* Neos */;
			targetProxy = 0AC7291A1C46F4B500CCBD3C /* PBXContainerItemProxy */;
		};
/* End PBXTargetDependency section */

/* Begin PBXVariantGroup section */
		0AC729011C46F4B000CCBD3C /* Main.storyboard */ = {
			isa = PBXVariantGroup;
			children = (
				0AC729021C46F4B000CCBD3C /* Base */,
			);
			name = Main.storyboard;
			sourceTree = "<group>";
		};
		0AC729061C46F4B100CCBD3C /* LaunchScreen.storyboard */ = {
			isa = PBXVariantGroup;
			children = (
				0AC729071C46F4B100CCBD3C /* Base */,
			);
			name = LaunchScreen.storyboard;
			sourceTree = "<group>";
		};
/* End PBXVariantGroup section */

/* Begin XCBuildConfiguration section */
		0AC729201C46F4B600CCBD3C /* Debug */ = {
			isa = XCBuildConfiguration;
			buildSettings = {
				ALWAYS_SEARCH_USER_PATHS = NO;
				CLANG_CXX_LANGUAGE_STANDARD = "gnu++0x";
				CLANG_CXX_LIBRARY = "libc++";
				CLANG_ENABLE_MODULES = YES;
				CLANG_ENABLE_OBJC_ARC = YES;
				CLANG_WARN_BOOL_CONVERSION = YES;
				CLANG_WARN_CONSTANT_CONVERSION = YES;
				CLANG_WARN_DIRECT_OBJC_ISA_USAGE = YES_ERROR;
				CLANG_WARN_EMPTY_BODY = YES;
				CLANG_WARN_ENUM_CONVERSION = YES;
				CLANG_WARN_INT_CONVERSION = YES;
				CLANG_WARN_OBJC_ROOT_CLASS = YES_ERROR;
				CLANG_WARN_UNREACHABLE_CODE = YES;
				CLANG_WARN__DUPLICATE_METHOD_MATCH = YES;
				"CODE_SIGN_IDENTITY[sdk=iphoneos*]" = "iPhone Developer";
				COPY_PHASE_STRIP = NO;
				DEBUG_INFORMATION_FORMAT = dwarf;
				ENABLE_STRICT_OBJC_MSGSEND = YES;
				ENABLE_TESTABILITY = YES;
				GCC_C_LANGUAGE_STANDARD = gnu99;
				GCC_DYNAMIC_NO_PIC = NO;
				GCC_NO_COMMON_BLOCKS = YES;
				GCC_OPTIMIZATION_LEVEL = 0;
				GCC_PREPROCESSOR_DEFINITIONS = (
					"DEBUG=1",
					"$(inherited)",
				);
				GCC_WARN_64_TO_32_BIT_CONVERSION = YES;
				GCC_WARN_ABOUT_RETURN_TYPE = YES_ERROR;
				GCC_WARN_UNDECLARED_SELECTOR = YES;
				GCC_WARN_UNINITIALIZED_AUTOS = YES_AGGRESSIVE;
				GCC_WARN_UNUSED_FUNCTION = YES;
				GCC_WARN_UNUSED_VARIABLE = YES;
				IPHONEOS_DEPLOYMENT_TARGET = 9.2;
				MTL_ENABLE_DEBUG_INFO = YES;
				ONLY_ACTIVE_ARCH = YES;
				SDKROOT = iphoneos;
				SWIFT_OPTIMIZATION_LEVEL = "-Onone";
				TARGETED_DEVICE_FAMILY = "1,2";
			};
			name = Debug;
		};
		0AC729211C46F4B600CCBD3C /* Release */ = {
			isa = XCBuildConfiguration;
			buildSettings = {
				ALWAYS_SEARCH_USER_PATHS = NO;
				CLANG_CXX_LANGUAGE_STANDARD = "gnu++0x";
				CLANG_CXX_LIBRARY = "libc++";
				CLANG_ENABLE_MODULES = YES;
				CLANG_ENABLE_OBJC_ARC = YES;
				CLANG_WARN_BOOL_CONVERSION = YES;
				CLANG_WARN_CONSTANT_CONVERSION = YES;
				CLANG_WARN_DIRECT_OBJC_ISA_USAGE = YES_ERROR;
				CLANG_WARN_EMPTY_BODY = YES;
				CLANG_WARN_ENUM_CONVERSION = YES;
				CLANG_WARN_INT_CONVERSION = YES;
				CLANG_WARN_OBJC_ROOT_CLASS = YES_ERROR;
				CLANG_WARN_UNREACHABLE_CODE = YES;
				CLANG_WARN__DUPLICATE_METHOD_MATCH = YES;
				"CODE_SIGN_IDENTITY[sdk=iphoneos*]" = "iPhone Developer";
				COPY_PHASE_STRIP = NO;
				DEBUG_INFORMATION_FORMAT = "dwarf-with-dsym";
				ENABLE_NS_ASSERTIONS = NO;
				ENABLE_STRICT_OBJC_MSGSEND = YES;
				GCC_C_LANGUAGE_STANDARD = gnu99;
				GCC_NO_COMMON_BLOCKS = YES;
				GCC_WARN_64_TO_32_BIT_CONVERSION = YES;
				GCC_WARN_ABOUT_RETURN_TYPE = YES_ERROR;
				GCC_WARN_UNDECLARED_SELECTOR = YES;
				GCC_WARN_UNINITIALIZED_AUTOS = YES_AGGRESSIVE;
				GCC_WARN_UNUSED_FUNCTION = YES;
				GCC_WARN_UNUSED_VARIABLE = YES;
				IPHONEOS_DEPLOYMENT_TARGET = 9.2;
				MTL_ENABLE_DEBUG_INFO = NO;
				SDKROOT = iphoneos;
				TARGETED_DEVICE_FAMILY = "1,2";
				VALIDATE_PRODUCT = YES;
			};
			name = Release;
		};
		0AC729231C46F4B600CCBD3C /* Debug */ = {
			isa = XCBuildConfiguration;
			baseConfigurationReference = C0150CBB6366DFC158008E86 /* Pods-Neos.debug.xcconfig */;
			buildSettings = {
				ASSETCATALOG_COMPILER_APPICON_NAME = AppIcon;
				INFOPLIST_FILE = Neos/Info.plist;
				LD_RUNPATH_SEARCH_PATHS = "$(inherited) @executable_path/Frameworks";
				PRODUCT_BUNDLE_IDENTIFIER = software.kmcg.asteroid.Neos;
				PRODUCT_NAME = "$(TARGET_NAME)";
				TARGETED_DEVICE_FAMILY = 1;
			};
			name = Debug;
		};
		0AC729241C46F4B600CCBD3C /* Release */ = {
			isa = XCBuildConfiguration;
			baseConfigurationReference = E4F992FCF650388B88472EC2 /* Pods-Neos.release.xcconfig */;
			buildSettings = {
				ASSETCATALOG_COMPILER_APPICON_NAME = AppIcon;
				INFOPLIST_FILE = Neos/Info.plist;
				LD_RUNPATH_SEARCH_PATHS = "$(inherited) @executable_path/Frameworks";
				PRODUCT_BUNDLE_IDENTIFIER = software.kmcg.asteroid.Neos;
				PRODUCT_NAME = "$(TARGET_NAME)";
				TARGETED_DEVICE_FAMILY = 1;
			};
			name = Release;
		};
		0AC729261C46F4B600CCBD3C /* Debug */ = {
			isa = XCBuildConfiguration;
			baseConfigurationReference = EE33E2D1CC2CB261AAD58CAE /* Pods-NeosTests.debug.xcconfig */;
			buildSettings = {
				BUNDLE_LOADER = "$(TEST_HOST)";
				CLANG_ENABLE_MODULES = YES;
				INFOPLIST_FILE = NeosTests/Info.plist;
				LD_RUNPATH_SEARCH_PATHS = "$(inherited) @executable_path/Frameworks @loader_path/Frameworks";
				PRODUCT_BUNDLE_IDENTIFIER = software.kmcg.asteroid.NeosTests;
				PRODUCT_NAME = "$(TARGET_NAME)";
				SWIFT_OPTIMIZATION_LEVEL = "-Onone";
				TEST_HOST = "$(BUILT_PRODUCTS_DIR)/Neos.app/Neos";
			};
			name = Debug;
		};
		0AC729271C46F4B600CCBD3C /* Release */ = {
			isa = XCBuildConfiguration;
			baseConfigurationReference = 79F42A5DC0BC3EE5253D0271 /* Pods-NeosTests.release.xcconfig */;
			buildSettings = {
				BUNDLE_LOADER = "$(TEST_HOST)";
				CLANG_ENABLE_MODULES = YES;
				INFOPLIST_FILE = NeosTests/Info.plist;
				LD_RUNPATH_SEARCH_PATHS = "$(inherited) @executable_path/Frameworks @loader_path/Frameworks";
				PRODUCT_BUNDLE_IDENTIFIER = software.kmcg.asteroid.NeosTests;
				PRODUCT_NAME = "$(TARGET_NAME)";
				TEST_HOST = "$(BUILT_PRODUCTS_DIR)/Neos.app/Neos";
			};
			name = Release;
		};
		0AC729291C46F4B600CCBD3C /* Debug */ = {
			isa = XCBuildConfiguration;
			baseConfigurationReference = 02520FCC4545ECA7DA0086D1 /* Pods-NeosUITests.debug.xcconfig */;
			buildSettings = {
				INFOPLIST_FILE = NeosUITests/Info.plist;
				LD_RUNPATH_SEARCH_PATHS = "$(inherited) @executable_path/Frameworks @loader_path/Frameworks";
				PRODUCT_BUNDLE_IDENTIFIER = software.kmcg.asteroid.NeosUITests;
				PRODUCT_NAME = "$(TARGET_NAME)";
				TEST_TARGET_NAME = Neos;
				USES_XCTRUNNER = YES;
			};
			name = Debug;
		};
		0AC7292A1C46F4B600CCBD3C /* Release */ = {
			isa = XCBuildConfiguration;
			baseConfigurationReference = 18DE34CD2F7DF25BA56EBC67 /* Pods-NeosUITests.release.xcconfig */;
			buildSettings = {
				INFOPLIST_FILE = NeosUITests/Info.plist;
				LD_RUNPATH_SEARCH_PATHS = "$(inherited) @executable_path/Frameworks @loader_path/Frameworks";
				PRODUCT_BUNDLE_IDENTIFIER = software.kmcg.asteroid.NeosUITests;
				PRODUCT_NAME = "$(TARGET_NAME)";
				TEST_TARGET_NAME = Neos;
				USES_XCTRUNNER = YES;
			};
			name = Release;
		};
/* End XCBuildConfiguration section */

/* Begin XCConfigurationList section */
		0AC728F51C46F4AE00CCBD3C /* Build configuration list for PBXProject "Neos" */ = {
			isa = XCConfigurationList;
			buildConfigurations = (
				0AC729201C46F4B600CCBD3C /* Debug */,
				0AC729211C46F4B600CCBD3C /* Release */,
			);
			defaultConfigurationIsVisible = 0;
			defaultConfigurationName = Release;
		};
		0AC729221C46F4B600CCBD3C /* Build configuration list for PBXNativeTarget "Neos" */ = {
			isa = XCConfigurationList;
			buildConfigurations = (
				0AC729231C46F4B600CCBD3C /* Debug */,
				0AC729241C46F4B600CCBD3C /* Release */,
			);
			defaultConfigurationIsVisible = 0;
			defaultConfigurationName = Release;
		};
		0AC729251C46F4B600CCBD3C /* Build configuration list for PBXNativeTarget "NeosTests" */ = {
			isa = XCConfigurationList;
			buildConfigurations = (
				0AC729261C46F4B600CCBD3C /* Debug */,
				0AC729271C46F4B600CCBD3C /* Release */,
			);
			defaultConfigurationIsVisible = 0;
			defaultConfigurationName = Release;
		};
		0AC729281C46F4B600CCBD3C /* Build configuration list for PBXNativeTarget "NeosUITests" */ = {
			isa = XCConfigurationList;
			buildConfigurations = (
				0AC729291C46F4B600CCBD3C /* Debug */,
				0AC7292A1C46F4B600CCBD3C /* Release */,
			);
			defaultConfigurationIsVisible = 0;
			defaultConfigurationName = Release;
		};
/* End XCConfigurationList section */
	};
	rootObject = 0AC728F21C46F4AE00CCBD3C /* Project object */;
}
